// !$*UTF8*$!
{
	archiveVersion = 1;
	classes = {
	};
	objectVersion = 46;
	objects = {

/* Begin PBXBuildFile section */
		9CC9F7B51CA46EF300ECA689 /* main.m in Sources */ = {isa = PBXBuildFile; fileRef = 9CC9F7B41CA46EF300ECA689 /* main.m */; };
		9CC9F7B81CA46EF300ECA689 /* AppDelegate.m in Sources */ = {isa = PBXBuildFile; fileRef = 9CC9F7B71CA46EF300ECA689 /* AppDelegate.m */; };
		9CC9F7BB1CA46EF300ECA689 /* ViewController.m in Sources */ = {isa = PBXBuildFile; fileRef = 9CC9F7BA1CA46EF300ECA689 /* ViewController.m */; };
		9CC9F7BE1CA46EF300ECA689 /* Main.storyboard in Resources */ = {isa = PBXBuildFile; fileRef = 9CC9F7BC1CA46EF300ECA689 /* Main.storyboard */; };
		9CC9F7C01CA46EF300ECA689 /* Assets.xcassets in Resources */ = {isa = PBXBuildFile; fileRef = 9CC9F7BF1CA46EF300ECA689 /* Assets.xcassets */; };
		9CC9F7C31CA46EF300ECA689 /* LaunchScreen.storyboard in Resources */ = {isa = PBXBuildFile; fileRef = 9CC9F7C11CA46EF300ECA689 /* LaunchScreen.storyboard */; };
		9CC9F7CC1CA46F1000ECA689 /* Subclass.m in Sources */ = {isa = PBXBuildFile; fileRef = 9CC9F7CB1CA46F1000ECA689 /* Subclass.m */; };
		9CC9F7CE1CA46F2100ECA689 /* Subclass.xib in Resources */ = {isa = PBXBuildFile; fileRef = 9CC9F7CD1CA46F2100ECA689 /* Subclass.xib */; };
/* End PBXBuildFile section */

/* Begin PBXFileReference section */
		9CC9F7B01CA46EF300ECA689 /* UIViewSubclass.app */ = {isa = PBXFileReference; explicitFileType = wrapper.application; includeInIndex = 0; path = UIViewSubclass.app; sourceTree = BUILT_PRODUCTS_DIR; };
		9CC9F7B41CA46EF300ECA689 /* main.m */ = {isa = PBXFileReference; lastKnownFileType = sourcecode.c.objc; path = main.m; sourceTree = "<group>"; };
		9CC9F7B61CA46EF300ECA689 /* AppDelegate.h */ = {isa = PBXFileReference; lastKnownFileType = sourcecode.c.h; path = AppDelegate.h; sourceTree = "<group>"; };
		9CC9F7B71CA46EF300ECA689 /* AppDelegate.m */ = {isa = PBXFileReference; lastKnownFileType = sourcecode.c.objc; path = AppDelegate.m; sourceTree = "<group>"; };
		9CC9F7B91CA46EF300ECA689 /* ViewController.h */ = {isa = PBXFileReference; lastKnownFileType = sourcecode.c.h; path = ViewController.h; sourceTree = "<group>"; };
		9CC9F7BA1CA46EF300ECA689 /* ViewController.m */ = {isa = PBXFileReference; lastKnownFileType = sourcecode.c.objc; path = ViewController.m; sourceTree = "<group>"; };
		9CC9F7BD1CA46EF300ECA689 /* Base */ = {isa = PBXFileReference; lastKnownFileType = file.storyboard; name = Base; path = Base.lproj/Main.storyboard; sourceTree = "<group>"; };
		9CC9F7BF1CA46EF300ECA689 /* Assets.xcassets */ = {isa = PBXFileReference; lastKnownFileType = folder.assetcatalog; path = Assets.xcassets; sourceTree = "<group>"; };
		9CC9F7C21CA46EF300ECA689 /* Base */ = {isa = PBXFileReference; lastKnownFileType = file.storyboard; name = Base; path = Base.lproj/LaunchScreen.storyboard; sourceTree = "<group>"; };
		9CC9F7C41CA46EF300ECA689 /* Info.plist */ = {isa = PBXFileReference; lastKnownFileType = text.plist.xml; path = Info.plist; sourceTree = "<group>"; };
		9CC9F7CA1CA46F1000ECA689 /* Subclass.h */ = {isa = PBXFileReference; fileEncoding = 4; lastKnownFileType = sourcecode.c.h; path = Subclass.h; sourceTree = "<group>"; };
		9CC9F7CB1CA46F1000ECA689 /* Subclass.m */ = {isa = PBXFileReference; fileEncoding = 4; lastKnownFileType = sourcecode.c.objc; path = Subclass.m; sourceTree = "<group>"; };
		9CC9F7CD1CA46F2100ECA689 /* Subclass.xib */ = {isa = PBXFileReference; fileEncoding = 4; lastKnownFileType = file.xib; path = Subclass.xib; sourceTree = "<group>"; };
/* End PBXFileReference section */

/* Begin PBXFrameworksBuildPhase section */
		9CC9F7AD1CA46EF300ECA689 /* Frameworks */ = {
			isa = PBXFrameworksBuildPhase;
			buildActionMask = 2147483647;
			files = (
			);
			runOnlyForDeploymentPostprocessing = 0;
		};
/* End PBXFrameworksBuildPhase section */

/* Begin PBXGroup section */
		9CC9F7A71CA46EF300ECA689 = {
			isa = PBXGroup;
			children = (
				9CC9F7B21CA46EF300ECA689 /* UIViewSubclass */,
				9CC9F7B11CA46EF300ECA689 /* Products */,
			);
			sourceTree = "<group>";
		};
		9CC9F7B11CA46EF300ECA689 /* Products */ = {
			isa = PBXGroup;
			children = (
				9CC9F7B01CA46EF300ECA689 /* UIViewSubclass.app */,
			);
			name = Products;
			sourceTree = "<group>";
		};
		9CC9F7B21CA46EF300ECA689 /* UIViewSubclass */ = {
			isa = PBXGroup;
			children = (
				9CC9F7B61CA46EF300ECA689 /* AppDelegate.h */,
				9CC9F7B71CA46EF300ECA689 /* AppDelegate.m */,
				9CC9F7B91CA46EF300ECA689 /* ViewController.h */,
				9CC9F7BA1CA46EF300ECA689 /* ViewController.m */,
				9CC9F7BC1CA46EF300ECA689 /* Main.storyboard */,
				9CC9F7BF1CA46EF300ECA689 /* Assets.xcassets */,
				9CC9F7C11CA46EF300ECA689 /* LaunchScreen.storyboard */,
				9CC9F7C41CA46EF300ECA689 /* Info.plist */,
				9CC9F7B31CA46EF300ECA689 /* Supporting Files */,
				9CC9F7CA1CA46F1000ECA689 /* Subclass.h */,
				9CC9F7CB1CA46F1000ECA689 /* Subclass.m */,
				9CC9F7CD1CA46F2100ECA689 /* Subclass.xib */,
			);
			path = UIViewSubclass;
			sourceTree = "<group>";
		};
		9CC9F7B31CA46EF300ECA689 /* Supporting Files */ = {
			isa = PBXGroup;
			children = (
				9CC9F7B41CA46EF300ECA689 /* main.m */,
			);
			name = "Supporting Files";
			sourceTree = "<group>";
		};
/* End PBXGroup section */

/* Begin PBXNativeTarget section */
		9CC9F7AF1CA46EF300ECA689 /* UIViewSubclass */ = {
			isa = PBXNativeTarget;
			buildConfigurationList = 9CC9F7C71CA46EF300ECA689 /* Build configuration list for PBXNativeTarget "UIViewSubclass" */;
			buildPhases = (
				9CC9F7AC1CA46EF300ECA689 /* Sources */,
				9CC9F7AD1CA46EF300ECA689 /* Frameworks */,
				9CC9F7AE1CA46EF300ECA689 /* Resources */,
			);
			buildRules = (
			);
			dependencies = (
			);
			name = UIViewSubclass;
			productName = UIViewSubclass;
			productReference = 9CC9F7B01CA46EF300ECA689 /* UIViewSubclass.app */;
			productType = "com.apple.product-type.application";
		};
/* End PBXNativeTarget section */

/* Begin PBXProject section */
		9CC9F7A81CA46EF300ECA689 /* Project object */ = {
			isa = PBXProject;
			attributes = {
				LastUpgradeCheck = 0730;
				ORGANIZATIONNAME = AcmeCo;
				TargetAttributes = {
					9CC9F7AF1CA46EF300ECA689 = {
						CreatedOnToolsVersion = 7.3;
					};
				};
			};
			buildConfigurationList = 9CC9F7AB1CA46EF300ECA689 /* Build configuration list for PBXProject "UIViewSubclass" */;
			compatibilityVersion = "Xcode 3.2";
			developmentRegion = English;
			hasScannedForEncodings = 0;
			knownRegions = (
				en,
				Base,
			);
			mainGroup = 9CC9F7A71CA46EF300ECA689;
			productRefGroup = 9CC9F7B11CA46EF300ECA689 /* Products */;
			projectDirPath = "";
			projectRoot = "";
			targets = (
				9CC9F7AF1CA46EF300ECA689 /* UIViewSubclass */,
			);
		};
/* End PBXProject section */

/* Begin PBXResourcesBuildPhase section */
		9CC9F7AE1CA46EF300ECA689 /* Resources */ = {
			isa = PBXResourcesBuildPhase;
			buildActionMask = 2147483647;
			files = (
				9CC9F7C31CA46EF300ECA689 /* LaunchScreen.storyboard in Resources */,
				9CC9F7CE1CA46F2100ECA689 /* Subclass.xib in Resources */,
				9CC9F7C01CA46EF300ECA689 /* Assets.xcassets in Resources */,
				9CC9F7BE1CA46EF300ECA689 /* Main.storyboard in Resources */,
			);
			runOnlyForDeploymentPostprocessing = 0;
		};
/* End PBXResourcesBuildPhase section */

/* Begin PBXSourcesBuildPhase section */
		9CC9F7AC1CA46EF300ECA689 /* Sources */ = {
			isa = PBXSourcesBuildPhase;
			buildActionMask = 2147483647;
			files = (
				9CC9F7BB1CA46EF300ECA689 /* ViewController.m in Sources */,
				9CC9F7CC1CA46F1000ECA689 /* Subclass.m in Sources */,
				9CC9F7B81CA46EF300ECA689 /* AppDelegate.m in Sources */,
				9CC9F7B51CA46EF300ECA689 /* main.m in Sources */,
			);
			runOnlyForDeploymentPostprocessing = 0;
		};
/* End PBXSourcesBuildPhase section */

/* Begin PBXVariantGroup section */
		9CC9F7BC1CA46EF300ECA689 /* Main.storyboard */ = {
			isa = PBXVariantGroup;
			children = (
				9CC9F7BD1CA46EF300ECA689 /* Base */,
			);
			name = Main.storyboard;
			sourceTree = "<group>";
		};
		9CC9F7C11CA46EF300ECA689 /* LaunchScreen.storyboard */ = {
			isa = PBXVariantGroup;
			children = (
				9CC9F7C21CA46EF300ECA689 /* Base */,
			);
			name = LaunchScreen.storyboard;
			sourceTree = "<group>";
		};
/* End PBXVariantGroup section */

/* Begin XCBuildConfiguration section */
		9CC9F7C51CA46EF300ECA689 /* Debug */ = {
			isa = XCBuildConfiguration;
			buildSettings = {
				ALWAYS_SEARCH_USER_PATHS = NO;
				CLANG_ANALYZER_NONNULL = YES;
				CLANG_CXX_LANGUAGE_STANDARD = "gnu++0x";
				CLANG_CXX_LIBRARY = "libc++";
				CLANG_ENABLE_MODULES = YES;
				CLANG_ENABLE_OBJC_ARC = YES;
				CLANG_WARN_BOOL_CONVERSION = YES;
				CLANG_WARN_CONSTANT_CONVERSION = YES;
				CLANG_WARN_DIRECT_OBJC_ISA_USAGE = YES_ERROR;
				CLANG_WARN_EMPTY_BODY = YES;
				CLANG_WARN_ENUM_CONVERSION = YES;
				CLANG_WARN_INT_CONVERSION = YES;
				CLANG_WARN_OBJC_ROOT_CLASS = YES_ERROR;
				CLANG_WARN_UNREACHABLE_CODE = YES;
				CLANG_WARN__DUPLICATE_METHOD_MATCH = YES;
				"CODE_SIGN_IDENTITY[sdk=iphoneos*]" = "iPhone Developer";
				COPY_PHASE_STRIP = NO;
				DEBUG_INFORMATION_FORMAT = dwarf;
				ENABLE_STRICT_OBJC_MSGSEND = YES;
				ENABLE_TESTABILITY = YES;
				GCC_C_LANGUAGE_STANDARD = gnu99;
				GCC_DYNAMIC_NO_PIC = NO;
				GCC_NO_COMMON_BLOCKS = YES;
				GCC_OPTIMIZATION_LEVEL = 0;
				GCC_PREPROCESSOR_DEFINITIONS = (
					"DEBUG=1",
					"$(inherited)",
				);
				GCC_WARN_64_TO_32_BIT_CONVERSION = YES;
				GCC_WARN_ABOUT_RETURN_TYPE = YES_ERROR;
				GCC_WARN_UNDECLARED_SELECTOR = YES;
				GCC_WARN_UNINITIALIZED_AUTOS = YES_AGGRESSIVE;
				GCC_WARN_UNUSED_FUNCTION = YES;
				GCC_WARN_UNUSED_VARIABLE = YES;
				IPHONEOS_DEPLOYMENT_TARGET = 9.3;
				MTL_ENABLE_DEBUG_INFO = YES;
				ONLY_ACTIVE_ARCH = YES;
				SDKROOT = iphoneos;
				TARGETED_DEVICE_FAMILY = "1,2";
			};
			name = Debug;
		};
		9CC9F7C61CA46EF300ECA689 /* Release */ = {
			isa = XCBuildConfiguration;
			buildSettings = {
				ALWAYS_SEARCH_USER_PATHS = NO;
				CLANG_ANALYZER_NONNULL = YES;
				CLANG_CXX_LANGUAGE_STANDARD = "gnu++0x";
				CLANG_CXX_LIBRARY = "libc++";
				CLANG_ENABLE_MODULES = YES;
				CLANG_ENABLE_OBJC_ARC = YES;
				CLANG_WARN_BOOL_CONVERSION = YES;
				CLANG_WARN_CONSTANT_CONVERSION = YES;
				CLANG_WARN_DIRECT_OBJC_ISA_USAGE = YES_ERROR;
				CLANG_WARN_EMPTY_BODY = YES;
				CLANG_WARN_ENUM_CONVERSION = YES;
				CLANG_WARN_INT_CONVERSION = YES;
				CLANG_WARN_OBJC_ROOT_CLASS = YES_ERROR;
				CLANG_WARN_UNREACHABLE_CODE = YES;
				CLANG_WARN__DUPLICATE_METHOD_MATCH = YES;
				"CODE_SIGN_IDENTITY[sdk=iphoneos*]" = "iPhone Developer";
				COPY_PHASE_STRIP = NO;
				DEBUG_INFORMATION_FORMAT = "dwarf-with-dsym";
				ENABLE_NS_ASSERTIONS = NO;
				ENABLE_STRICT_OBJC_MSGSEND = YES;
				GCC_C_LANGUAGE_STANDARD = gnu99;
				GCC_NO_COMMON_BLOCKS = YES;
				GCC_WARN_64_TO_32_BIT_CONVERSION = YES;
				GCC_WARN_ABOUT_RETURN_TYPE = YES_ERROR;
				GCC_WARN_UNDECLARED_SELECTOR = YES;
				GCC_WARN_UNINITIALIZED_AUTOS = YES_AGGRESSIVE;
				GCC_WARN_UNUSED_FUNCTION = YES;
				GCC_WARN_UNUSED_VARIABLE = YES;
				IPHONEOS_DEPLOYMENT_TARGET = 9.3;
				MTL_ENABLE_DEBUG_INFO = NO;
				SDKROOT = iphoneos;
				TARGETED_DEVICE_FAMILY = "1,2";
				VALIDATE_PRODUCT = YES;
			};
			name = Release;
		};
		9CC9F7C81CA46EF300ECA689 /* Debug */ = {
			isa = XCBuildConfiguration;
			buildSettings = {
				ASSETCATALOG_COMPILER_APPICON_NAME = AppIcon;
				INFOPLIST_FILE = UIViewSubclass/Info.plist;
				LD_RUNPATH_SEARCH_PATHS = "$(inherited) @executable_path/Frameworks";
				PRODUCT_BUNDLE_IDENTIFIER = com.acmeco.UIViewSubclass;
				PRODUCT_NAME = "$(TARGET_NAME)";
			};
			name = Debug;
		};
		9CC9F7C91CA46EF300ECA689 /* Release */ = {
			isa = XCBuildConfiguration;
			buildSettings = {
				ASSETCATALOG_COMPILER_APPICON_NAME = AppIcon;
				INFOPLIST_FILE = UIViewSubclass/Info.plist;
				LD_RUNPATH_SEARCH_PATHS = "$(inherited) @executable_path/Frameworks";
				PRODUCT_BUNDLE_IDENTIFIER = com.acmeco.UIViewSubclass;
				PRODUCT_NAME = "$(TARGET_NAME)";
			};
			name = Release;
		};
/* End XCBuildConfiguration section */

/* Begin XCConfigurationList section */
		9CC9F7AB1CA46EF300ECA689 /* Build configuration list for PBXProject "UIViewSubclass" */ = {
			isa = XCConfigurationList;
			buildConfigurations = (
				9CC9F7C51CA46EF300ECA689 /* Debug */,
				9CC9F7C61CA46EF300ECA689 /* Release */,
			);
			defaultConfigurationIsVisible = 0;
			defaultConfigurationName = Release;
		};
		9CC9F7C71CA46EF300ECA689 /* Build configuration list for PBXNativeTarget "UIViewSubclass" */ = {
			isa = XCConfigurationList;
			buildConfigurations = (
				9CC9F7C81CA46EF300ECA689 /* Debug */,
				9CC9F7C91CA46EF300ECA689 /* Release */,
			);
			defaultConfigurationIsVisible = 0;
		};
/* End XCConfigurationList section */
	};
	rootObject = 9CC9F7A81CA46EF300ECA689 /* Project object */;
}
